{
  "name": "alexa-next-episode",
  "version": "2.0.0",
  "lockfileVersion": 1,
  "requires": true,
  "dependencies": {
    "@babel/runtime": {
      "version": "7.7.4",
      "resolved": "https://registry.npmjs.org/@babel/runtime/-/runtime-7.7.4.tgz",
      "integrity": "sha512-r24eVUUr0QqNZa+qrImUk8fn5SPhHq+IfYvIoIMg0do3GdK9sMdiLKP3GYVVaxpPKORgm8KRKaNTEhAjgIpLMw==",
      "requires": {
        "regenerator-runtime": "^0.13.2"
      }
    },
    "ask-sdk-core": {
      "version": "2.7.0",
      "resolved": "https://registry.npmjs.org/ask-sdk-core/-/ask-sdk-core-2.7.0.tgz",
      "integrity": "sha512-XEuoQOH8B+fQqdVRtEeLWtNL46yjKxwIpbXg042ZaCNYwwmJaVmbvmnR5p0UXgKjULqWm1QEXjYL5INQlfrK7w==",
      "requires": {
        "ask-sdk-runtime": "^2.7.0"
      }
    },
    "ask-sdk-model": {
      "version": "1.24.0",
      "resolved": "https://registry.npmjs.org/ask-sdk-model/-/ask-sdk-model-1.24.0.tgz",
      "integrity": "sha512-BetBn99xmh/X23d8KQuM9v6tHJwqbL4qc6u1NWqXDvs9M4fB/jYoJyAIpGg2x3j+K0FXwPHy8wrXovypaIlkgA=="
    },
    "ask-sdk-runtime": {
      "version": "2.7.0",
      "resolved": "https://registry.npmjs.org/ask-sdk-runtime/-/ask-sdk-runtime-2.7.0.tgz",
      "integrity": "sha512-l2YxzibbTc8Ld5Rpy/Kg3oASiCGKHxgbZnKYrywZStlDPF5tEAGpRBhdtVd+yBSRikl/9fgcetb2wMewtoZF2g=="
    },
    "bluebird": {
      "version": "3.7.2",
      "resolved": "https://registry.npmjs.org/bluebird/-/bluebird-3.7.2.tgz",
      "integrity": "sha512-XpNj6GDQzdfW+r2Wnn7xiSAd7TM3jzkxGXBGTtWKuSXv1xUV+azxAm8jdWZN06QTQk+2N2XB9jRDkvbmQmcRtg=="
    },
    "i18next": {
      "version": "19.0.1",
      "resolved": "https://registry.npmjs.org/i18next/-/i18next-19.0.1.tgz",
      "integrity": "sha512-xZjzCcInvkgx3ZzymkySZ/ULOZyAMXTmQP22Hvnf5CMRqrxe3BXhg6CBtpGSVPMiANnHOmPiNVWHLSncnffnxw==",
      "requires": {
        "@babel/runtime": "^7.3.1"
      }
    },
    "moment": {
      "version": "2.24.0",
      "resolved": "https://registry.npmjs.org/moment/-/moment-2.24.0.tgz",
      "integrity": "sha512-bV7f+6l2QigeBBZSM/6yTNq4P2fNpSWj/0e7jQcy87A8e7o2nAfP/34/2ky5Vw4B9S446EtIhodAzkFCcR4dQg=="
    },
    "node-fetch": {
      "version": "2.6.0",
      "resolved": "https://registry.npmjs.org/node-fetch/-/node-fetch-2.6.0.tgz",
      "integrity": "sha512-8dG4H5ujfvFiqDmVu9fQ5bOHUC15JMjMY/Zumv26oOvvVJjM67KF8koCWIabKQ1GJIa9r2mMZscBq/TbdOcmNA=="
    },
    "regenerator-runtime": {
      "version": "0.13.3",
      "resolved": "https://registry.npmjs.org/regenerator-runtime/-/regenerator-runtime-0.13.3.tgz",
      "integrity": "sha512-naKIZz2GQ8JWh///G7L3X6LaQUAMp2lvb1rvwwsURe/VXwD6VMfr+/1NuNw3ag8v2kY1aQ/go5SNn79O9JU7yw=="
    }
  }
}
